// !$*UTF8*$!
{
	archiveVersion = 1;
	classes = {
	};
	objectVersion = 51;
	objects = {

/* Begin PBXBuildFile section */
		0F132786BB1CE41BBB80276E /* Pods_lab13.framework in Frameworks */ = {isa = PBXBuildFile; fileRef = E1255DD76BFD3606D4821C88 /* Pods_lab13.framework */; };
		9E97FA61237DB0B200B3207B /* AppDelegate.swift in Sources */ = {isa = PBXBuildFile; fileRef = 9E97FA60237DB0B200B3207B /* AppDelegate.swift */; };
		9E97FA63237DB0B200B3207B /* ViewController.swift in Sources */ = {isa = PBXBuildFile; fileRef = 9E97FA62237DB0B200B3207B /* ViewController.swift */; };
		9E97FA66237DB0B200B3207B /* Main.storyboard in Resources */ = {isa = PBXBuildFile; fileRef = 9E97FA64237DB0B200B3207B /* Main.storyboard */; };
		9E97FA69237DB0B200B3207B /* lab13.xcdatamodeld in Sources */ = {isa = PBXBuildFile; fileRef = 9E97FA67237DB0B200B3207B /* lab13.xcdatamodeld */; };
		9E97FA6B237DB0B400B3207B /* Assets.xcassets in Resources */ = {isa = PBXBuildFile; fileRef = 9E97FA6A237DB0B400B3207B /* Assets.xcassets */; };
		9E97FA6E237DB0B400B3207B /* LaunchScreen.storyboard in Resources */ = {isa = PBXBuildFile; fileRef = 9E97FA6C237DB0B400B3207B /* LaunchScreen.storyboard */; };
		9E97FA78237DBFEB00B3207B /* LoginViewController.swift in Sources */ = {isa = PBXBuildFile; fileRef = 9E97FA77237DBFEB00B3207B /* LoginViewController.swift */; };
		9EBB6E5C238488EA0029B68A /* GoogleService-Info.plist in Resources */ = {isa = PBXBuildFile; fileRef = 9EBB6E5B238488EA0029B68A /* GoogleService-Info.plist */; };
		9EC629652384E19600A558DA /* ImageCollectionViewCell.swift in Sources */ = {isa = PBXBuildFile; fileRef = 9EC629642384E19600A558DA /* ImageCollectionViewCell.swift */; };
		9EC629672384F05900A558DA /* CustomImageFlowLayout.swift in Sources */ = {isa = PBXBuildFile; fileRef = 9EC629662384F05900A558DA /* CustomImageFlowLayout.swift */; };
		9EC6296B2384FB2000A558DA /* ImagenFile.swift in Sources */ = {isa = PBXBuildFile; fileRef = 9EC6296A2384FB2000A558DA /* ImagenFile.swift */; };
/* End PBXBuildFile section */

/* Begin PBXFileReference section */
		7229CA588ADCF431E68C8991 /* Pods-lab13.release.xcconfig */ = {isa = PBXFileReference; includeInIndex = 1; lastKnownFileType = text.xcconfig; name = "Pods-lab13.release.xcconfig"; path = "Target Support Files/Pods-lab13/Pods-lab13.release.xcconfig"; sourceTree = "<group>"; };
		9E97FA5D237DB0B200B3207B /* lab13.app */ = {isa = PBXFileReference; explicitFileType = wrapper.application; includeInIndex = 0; path = lab13.app; sourceTree = BUILT_PRODUCTS_DIR; };
		9E97FA60237DB0B200B3207B /* AppDelegate.swift */ = {isa = PBXFileReference; lastKnownFileType = sourcecode.swift; path = AppDelegate.swift; sourceTree = "<group>"; };
		9E97FA62237DB0B200B3207B /* ViewController.swift */ = {isa = PBXFileReference; lastKnownFileType = sourcecode.swift; path = ViewController.swift; sourceTree = "<group>"; };
		9E97FA65237DB0B200B3207B /* Base */ = {isa = PBXFileReference; lastKnownFileType = file.storyboard; name = Base; path = Base.lproj/Main.storyboard; sourceTree = "<group>"; };
		9E97FA68237DB0B200B3207B /* lab13.xcdatamodel */ = {isa = PBXFileReference; lastKnownFileType = wrapper.xcdatamodel; path = lab13.xcdatamodel; sourceTree = "<group>"; };
		9E97FA6A237DB0B400B3207B /* Assets.xcassets */ = {isa = PBXFileReference; lastKnownFileType = folder.assetcatalog; path = Assets.xcassets; sourceTree = "<group>"; };
		9E97FA6D237DB0B400B3207B /* Base */ = {isa = PBXFileReference; lastKnownFileType = file.storyboard; name = Base; path = Base.lproj/LaunchScreen.storyboard; sourceTree = "<group>"; };
		9E97FA6F237DB0B400B3207B /* Info.plist */ = {isa = PBXFileReference; lastKnownFileType = text.plist.xml; path = Info.plist; sourceTree = "<group>"; };
		9E97FA77237DBFEB00B3207B /* LoginViewController.swift */ = {isa = PBXFileReference; lastKnownFileType = sourcecode.swift; path = LoginViewController.swift; sourceTree = "<group>"; };
		9EBB6E5B238488EA0029B68A /* GoogleService-Info.plist */ = {isa = PBXFileReference; fileEncoding = 4; lastKnownFileType = text.plist.xml; path = "GoogleService-Info.plist"; sourceTree = "<group>"; };
		9EC629642384E19600A558DA /* ImageCollectionViewCell.swift */ = {isa = PBXFileReference; lastKnownFileType = sourcecode.swift; path = ImageCollectionViewCell.swift; sourceTree = "<group>"; };
		9EC629662384F05900A558DA /* CustomImageFlowLayout.swift */ = {isa = PBXFileReference; lastKnownFileType = sourcecode.swift; path = CustomImageFlowLayout.swift; sourceTree = "<group>"; };
		9EC6296A2384FB2000A558DA /* ImagenFile.swift */ = {isa = PBXFileReference; lastKnownFileType = sourcecode.swift; path = ImagenFile.swift; sourceTree = "<group>"; };
		B4AD3BC822124F591408CD8E /* Pods-lab13.debug.xcconfig */ = {isa = PBXFileReference; includeInIndex = 1; lastKnownFileType = text.xcconfig; name = "Pods-lab13.debug.xcconfig"; path = "Target Support Files/Pods-lab13/Pods-lab13.debug.xcconfig"; sourceTree = "<group>"; };
		E1255DD76BFD3606D4821C88 /* Pods_lab13.framework */ = {isa = PBXFileReference; explicitFileType = wrapper.framework; includeInIndex = 0; path = Pods_lab13.framework; sourceTree = BUILT_PRODUCTS_DIR; };
/* End PBXFileReference section */

/* Begin PBXFrameworksBuildPhase section */
		9E97FA5A237DB0B200B3207B /* Frameworks */ = {
			isa = PBXFrameworksBuildPhase;
			buildActionMask = 2147483647;
			files = (
				0F132786BB1CE41BBB80276E /* Pods_lab13.framework in Frameworks */,
			);
			runOnlyForDeploymentPostprocessing = 0;
		};
/* End PBXFrameworksBuildPhase section */

/* Begin PBXGroup section */
		9E97FA54237DB0B200B3207B = {
			isa = PBXGroup;
			children = (
				9E97FA5F237DB0B200B3207B /* lab13 */,
				9E97FA5E237DB0B200B3207B /* Products */,
				DA9EFE21663B48670B954CFB /* Pods */,
				BF54331BC05CC5DE428480D5 /* Frameworks */,
			);
			sourceTree = "<group>";
		};
		9E97FA5E237DB0B200B3207B /* Products */ = {
			isa = PBXGroup;
			children = (
				9E97FA5D237DB0B200B3207B /* lab13.app */,
			);
			name = Products;
			sourceTree = "<group>";
		};
		9E97FA5F237DB0B200B3207B /* lab13 */ = {
			isa = PBXGroup;
			children = (
				9E97FA60237DB0B200B3207B /* AppDelegate.swift */,
				9E97FA62237DB0B200B3207B /* ViewController.swift */,
				9EC6296A2384FB2000A558DA /* ImagenFile.swift */,
				9EC629642384E19600A558DA /* ImageCollectionViewCell.swift */,
				9E97FA64237DB0B200B3207B /* Main.storyboard */,
				9EC629662384F05900A558DA /* CustomImageFlowLayout.swift */,
				9E97FA6A237DB0B400B3207B /* Assets.xcassets */,
				9E97FA6C237DB0B400B3207B /* LaunchScreen.storyboard */,
				9E97FA6F237DB0B400B3207B /* Info.plist */,
				9E97FA67237DB0B200B3207B /* lab13.xcdatamodeld */,
				9EBB6E5B238488EA0029B68A /* GoogleService-Info.plist */,
				9E97FA77237DBFEB00B3207B /* LoginViewController.swift */,
			);
			path = lab13;
			sourceTree = "<group>";
		};
		BF54331BC05CC5DE428480D5 /* Frameworks */ = {
			isa = PBXGroup;
			children = (
				E1255DD76BFD3606D4821C88 /* Pods_lab13.framework */,
			);
			name = Frameworks;
			sourceTree = "<group>";
		};
		DA9EFE21663B48670B954CFB /* Pods */ = {
			isa = PBXGroup;
			children = (
				B4AD3BC822124F591408CD8E /* Pods-lab13.debug.xcconfig */,
				7229CA588ADCF431E68C8991 /* Pods-lab13.release.xcconfig */,
			);
			path = Pods;
			sourceTree = "<group>";
		};
/* End PBXGroup section */

/* Begin PBXNativeTarget section */
		9E97FA5C237DB0B200B3207B /* lab13 */ = {
			isa = PBXNativeTarget;
			buildConfigurationList = 9E97FA72237DB0B400B3207B /* Build configuration list for PBXNativeTarget "lab13" */;
			buildPhases = (
				790A67AF5EEAA164241C1458 /* [CP] Check Pods Manifest.lock */,
				9E97FA59237DB0B200B3207B /* Sources */,
				9E97FA5A237DB0B200B3207B /* Frameworks */,
				9E97FA5B237DB0B200B3207B /* Resources */,
				55FACBF327A55E6B4D8D96CA /* [CP] Embed Pods Frameworks */,
			);
			buildRules = (
			);
			dependencies = (
			);
			name = lab13;
			productName = lab13;
			productReference = 9E97FA5D237DB0B200B3207B /* lab13.app */;
			productType = "com.apple.product-type.application";
		};
/* End PBXNativeTarget section */

/* Begin PBXProject section */
		9E97FA55237DB0B200B3207B /* Project object */ = {
			isa = PBXProject;
			attributes = {
				LastSwiftUpdateCheck = 1030;
				LastUpgradeCheck = 1030;
				ORGANIZATIONNAME = Sebastian;
				TargetAttributes = {
					9E97FA5C237DB0B200B3207B = {
						CreatedOnToolsVersion = 10.3;
					};
				};
			};
			buildConfigurationList = 9E97FA58237DB0B200B3207B /* Build configuration list for PBXProject "lab13" */;
			compatibilityVersion = "Xcode 9.3";
			developmentRegion = en;
			hasScannedForEncodings = 0;
			knownRegions = (
				en,
				Base,
			);
			mainGroup = 9E97FA54237DB0B200B3207B;
			productRefGroup = 9E97FA5E237DB0B200B3207B /* Products */;
			projectDirPath = "";
			projectRoot = "";
			targets = (
				9E97FA5C237DB0B200B3207B /* lab13 */,
			);
		};
/* End PBXProject section */

/* Begin PBXResourcesBuildPhase section */
		9E97FA5B237DB0B200B3207B /* Resources */ = {
			isa = PBXResourcesBuildPhase;
			buildActionMask = 2147483647;
			files = (
				9E97FA6E237DB0B400B3207B /* LaunchScreen.storyboard in Resources */,
				9EBB6E5C238488EA0029B68A /* GoogleService-Info.plist in Resources */,
				9E97FA6B237DB0B400B3207B /* Assets.xcassets in Resources */,
				9E97FA66237DB0B200B3207B /* Main.storyboard in Resources */,
			);
			runOnlyForDeploymentPostprocessing = 0;
		};
/* End PBXResourcesBuildPhase section */

/* Begin PBXShellScriptBuildPhase section */
		55FACBF327A55E6B4D8D96CA /* [CP] Embed Pods Frameworks */ = {
			isa = PBXShellScriptBuildPhase;
			buildActionMask = 2147483647;
			files = (
			);
			inputFileListPaths = (
				"${PODS_ROOT}/Target Support Files/Pods-lab13/Pods-lab13-frameworks-${CONFIGURATION}-input-files.xcfilelist",
			);
			name = "[CP] Embed Pods Frameworks";
			outputFileListPaths = (
				"${PODS_ROOT}/Target Support Files/Pods-lab13/Pods-lab13-frameworks-${CONFIGURATION}-output-files.xcfilelist",
			);
			runOnlyForDeploymentPostprocessing = 0;
			shellPath = /bin/sh;
			shellScript = "\"${PODS_ROOT}/Target Support Files/Pods-lab13/Pods-lab13-frameworks.sh\"\n";
			showEnvVarsInLog = 0;
		};
		790A67AF5EEAA164241C1458 /* [CP] Check Pods Manifest.lock */ = {
			isa = PBXShellScriptBuildPhase;
			buildActionMask = 2147483647;
			files = (
			);
			inputFileListPaths = (
			);
			inputPaths = (
				"${PODS_PODFILE_DIR_PATH}/Podfile.lock",
				"${PODS_ROOT}/Manifest.lock",
			);
			name = "[CP] Check Pods Manifest.lock";
			outputFileListPaths = (
			);
			outputPaths = (
				"$(DERIVED_FILE_DIR)/Pods-lab13-checkManifestLockResult.txt",
			);
			runOnlyForDeploymentPostprocessing = 0;
			shellPath = /bin/sh;
			shellScript = "diff \"${PODS_PODFILE_DIR_PATH}/Podfile.lock\" \"${PODS_ROOT}/Manifest.lock\" > /dev/null\nif [ $? != 0 ] ; then\n    # print error to STDERR\n    echo \"error: The sandbox is not in sync with the Podfile.lock. Run 'pod install' or update your CocoaPods installation.\" >&2\n    exit 1\nfi\n# This output is used by Xcode 'outputs' to avoid re-running this script phase.\necho \"SUCCESS\" > \"${SCRIPT_OUTPUT_FILE_0}\"\n";
			showEnvVarsInLog = 0;
		};
/* End PBXShellScriptBuildPhase section */

/* Begin PBXSourcesBuildPhase section */
		9E97FA59237DB0B200B3207B /* Sources */ = {
			isa = PBXSourcesBuildPhase;
			buildActionMask = 2147483647;
			files = (
				9EC6296B2384FB2000A558DA /* ImagenFile.swift in Sources */,
				9EC629672384F05900A558DA /* CustomImageFlowLayout.swift in Sources */,
				9E97FA78237DBFEB00B3207B /* LoginViewController.swift in Sources */,
				9EC629652384E19600A558DA /* ImageCollectionViewCell.swift in Sources */,
				9E97FA63237DB0B200B3207B /* ViewController.swift in Sources */,
				9E97FA61237DB0B200B3207B /* AppDelegate.swift in Sources */,
				9E97FA69237DB0B200B3207B /* lab13.xcdatamodeld in Sources */,
			);
			runOnlyForDeploymentPostprocessing = 0;
		};
/* End PBXSourcesBuildPhase section */

/* Begin PBXVariantGroup section */
		9E97FA64237DB0B200B3207B /* Main.storyboard */ = {
			isa = PBXVariantGroup;
			children = (
				9E97FA65237DB0B200B3207B /* Base */,
			);
			name = Main.storyboard;
			sourceTree = "<group>";
		};
		9E97FA6C237DB0B400B3207B /* LaunchScreen.storyboard */ = {
			isa = PBXVariantGroup;
			children = (
				9E97FA6D237DB0B400B3207B /* Base */,
			);
			name = LaunchScreen.storyboard;
			sourceTree = "<group>";
		};
/* End PBXVariantGroup section */

/* Begin XCBuildConfiguration section */
		9E97FA70237DB0B400B3207B /* Debug */ = {
			isa = XCBuildConfiguration;
			buildSettings = {
				ALWAYS_SEARCH_USER_PATHS = NO;
				CLANG_ANALYZER_NONNULL = YES;
				CLANG_ANALYZER_NUMBER_OBJECT_CONVERSION = YES_AGGRESSIVE;
				CLANG_CXX_LANGUAGE_STANDARD = "gnu++14";
				CLANG_CXX_LIBRARY = "libc++";
				CLANG_ENABLE_MODULES = YES;
				CLANG_ENABLE_OBJC_ARC = YES;
				CLANG_ENABLE_OBJC_WEAK = YES;
				CLANG_WARN_BLOCK_CAPTURE_AUTORELEASING = YES;
				CLANG_WARN_BOOL_CONVERSION = YES;
				CLANG_WARN_COMMA = YES;
				CLANG_WARN_CONSTANT_CONVERSION = YES;
				CLANG_WARN_DEPRECATED_OBJC_IMPLEMENTATIONS = YES;
				CLANG_WARN_DIRECT_OBJC_ISA_USAGE = YES_ERROR;
				CLANG_WARN_DOCUMENTATION_COMMENTS = YES;
				CLANG_WARN_EMPTY_BODY = YES;
				CLANG_WARN_ENUM_CONVERSION = YES;
				CLANG_WARN_INFINITE_RECURSION = YES;
				CLANG_WARN_INT_CONVERSION = YES;
				CLANG_WARN_NON_LITERAL_NULL_CONVERSION = YES;
				CLANG_WARN_OBJC_IMPLICIT_RETAIN_SELF = YES;
				CLANG_WARN_OBJC_LITERAL_CONVERSION = YES;
				CLANG_WARN_OBJC_ROOT_CLASS = YES_ERROR;
				CLANG_WARN_RANGE_LOOP_ANALYSIS = YES;
				CLANG_WARN_STRICT_PROTOTYPES = YES;
				CLANG_WARN_SUSPICIOUS_MOVE = YES;
				CLANG_WARN_UNGUARDED_AVAILABILITY = YES_AGGRESSIVE;
				CLANG_WARN_UNREACHABLE_CODE = YES;
				CLANG_WARN__DUPLICATE_METHOD_MATCH = YES;
				CODE_SIGN_IDENTITY = "iPhone Developer";
				COPY_PHASE_STRIP = NO;
				DEBUG_INFORMATION_FORMAT = dwarf;
				ENABLE_STRICT_OBJC_MSGSEND = YES;
				ENABLE_TESTABILITY = YES;
				GCC_C_LANGUAGE_STANDARD = gnu11;
				GCC_DYNAMIC_NO_PIC = NO;
				GCC_NO_COMMON_BLOCKS = YES;
				GCC_OPTIMIZATION_LEVEL = 0;
				GCC_PREPROCESSOR_DEFINITIONS = (
					"DEBUG=1",
					"$(inherited)",
				);
				GCC_WARN_64_TO_32_BIT_CONVERSION = YES;
				GCC_WARN_ABOUT_RETURN_TYPE = YES_ERROR;
				GCC_WARN_UNDECLARED_SELECTOR = YES;
				GCC_WARN_UNINITIALIZED_AUTOS = YES_AGGRESSIVE;
				GCC_WARN_UNUSED_FUNCTION = YES;
				GCC_WARN_UNUSED_VARIABLE = YES;
				IPHONEOS_DEPLOYMENT_TARGET = 12.4;
				MTL_ENABLE_DEBUG_INFO = INCLUDE_SOURCE;
				MTL_FAST_MATH = YES;
				ONLY_ACTIVE_ARCH = YES;
				SDKROOT = iphoneos;
				SWIFT_ACTIVE_COMPILATION_CONDITIONS = DEBUG;
				SWIFT_OPTIMIZATION_LEVEL = "-Onone";
			};
			name = Debug;
		};
		9E97FA71237DB0B400B3207B /* Release */ = {
			isa = XCBuildConfiguration;
			buildSettings = {
				ALWAYS_SEARCH_USER_PATHS = NO;
				CLANG_ANALYZER_NONNULL = YES;
				CLANG_ANALYZER_NUMBER_OBJECT_CONVERSION = YES_AGGRESSIVE;
				CLANG_CXX_LANGUAGE_STANDARD = "gnu++14";
				CLANG_CXX_LIBRARY = "libc++";
				CLANG_ENABLE_MODULES = YES;
				CLANG_ENABLE_OBJC_ARC = YES;
				CLANG_ENABLE_OBJC_WEAK = YES;
				CLANG_WARN_BLOCK_CAPTURE_AUTORELEASING = YES;
				CLANG_WARN_BOOL_CONVERSION = YES;
				CLANG_WARN_COMMA = YES;
				CLANG_WARN_CONSTANT_CONVERSION = YES;
				CLANG_WARN_DEPRECATED_OBJC_IMPLEMENTATIONS = YES;
				CLANG_WARN_DIRECT_OBJC_ISA_USAGE = YES_ERROR;
				CLANG_WARN_DOCUMENTATION_COMMENTS = YES;
				CLANG_WARN_EMPTY_BODY = YES;
				CLANG_WARN_ENUM_CONVERSION = YES;
				CLANG_WARN_INFINITE_RECURSION = YES;
				CLANG_WARN_INT_CONVERSION = YES;
				CLANG_WARN_NON_LITERAL_NULL_CONVERSION = YES;
				CLANG_WARN_OBJC_IMPLICIT_RETAIN_SELF = YES;
				CLANG_WARN_OBJC_LITERAL_CONVERSION = YES;
				CLANG_WARN_OBJC_ROOT_CLASS = YES_ERROR;
				CLANG_WARN_RANGE_LOOP_ANALYSIS = YES;
				CLANG_WARN_STRICT_PROTOTYPES = YES;
				CLANG_WARN_SUSPICIOUS_MOVE = YES;
				CLANG_WARN_UNGUARDED_AVAILABILITY = YES_AGGRESSIVE;
				CLANG_WARN_UNREACHABLE_CODE = YES;
				CLANG_WARN__DUPLICATE_METHOD_MATCH = YES;
				CODE_SIGN_IDENTITY = "iPhone Developer";
				COPY_PHASE_STRIP = NO;
				DEBUG_INFORMATION_FORMAT = "dwarf-with-dsym";
				ENABLE_NS_ASSERTIONS = NO;
				ENABLE_STRICT_OBJC_MSGSEND = YES;
				GCC_C_LANGUAGE_STANDARD = gnu11;
				GCC_NO_COMMON_BLOCKS = YES;
				GCC_WARN_64_TO_32_BIT_CONVERSION = YES;
				GCC_WARN_ABOUT_RETURN_TYPE = YES_ERROR;
				GCC_WARN_UNDECLARED_SELECTOR = YES;
				GCC_WARN_UNINITIALIZED_AUTOS = YES_AGGRESSIVE;
				GCC_WARN_UNUSED_FUNCTION = YES;
				GCC_WARN_UNUSED_VARIABLE = YES;
				IPHONEOS_DEPLOYMENT_TARGET = 12.4;
				MTL_ENABLE_DEBUG_INFO = NO;
				MTL_FAST_MATH = YES;
				SDKROOT = iphoneos;
				SWIFT_COMPILATION_MODE = wholemodule;
				SWIFT_OPTIMIZATION_LEVEL = "-O";
				VALIDATE_PRODUCT = YES;
			};
			name = Release;
		};
		9E97FA73237DB0B400B3207B /* Debug */ = {
			isa = XCBuildConfiguration;
			baseConfigurationReference = B4AD3BC822124F591408CD8E /* Pods-lab13.debug.xcconfig */;
			buildSettings = {
				ASSETCATALOG_COMPILER_APPICON_NAME = AppIcon;
				CODE_SIGN_STYLE = Automatic;
				DEVELOPMENT_TEAM = 5QD3VS9T39;
				INFOPLIST_FILE = lab13/Info.plist;
				LD_RUNPATH_SEARCH_PATHS = (
					"$(inherited)",
					"@executable_path/Frameworks",
				);
				PRODUCT_BUNDLE_IDENTIFIER = com.sebastian.lab13;
				PRODUCT_NAME = "$(TARGET_NAME)";
				SWIFT_VERSION = 5.0;
				TARGETED_DEVICE_FAMILY = "1,2";
			};
			name = Debug;
		};
		9E97FA74237DB0B400B3207B /* Release */ = {
			isa = XCBuildConfiguration;
			baseConfigurationReference = 7229CA588ADCF431E68C8991 /* Pods-lab13.release.xcconfig */;
			buildSettings = {
				ASSETCATALOG_COMPILER_APPICON_NAME = AppIcon;
				CODE_SIGN_STYLE = Automatic;
				DEVELOPMENT_TEAM = 5QD3VS9T39;
				INFOPLIST_FILE = lab13/Info.plist;
				LD_RUNPATH_SEARCH_PATHS = (
					"$(inherited)",
					"@executable_path/Frameworks",
				);
				PRODUCT_BUNDLE_IDENTIFIER = com.sebastian.lab13;
				PRODUCT_NAME = "$(TARGET_NAME)";
				SWIFT_VERSION = 5.0;
				TARGETED_DEVICE_FAMILY = "1,2";
			};
			name = Release;
		};
/* End XCBuildConfiguration section */

/* Begin XCConfigurationList section */
		9E97FA58237DB0B200B3207B /* Build configuration list for PBXProject "lab13" */ = {
			isa = XCConfigurationList;
			buildConfigurations = (
				9E97FA70237DB0B400B3207B /* Debug */,
				9E97FA71237DB0B400B3207B /* Release */,
			);
			defaultConfigurationIsVisible = 0;
			defaultConfigurationName = Release;
		};
		9E97FA72237DB0B400B3207B /* Build configuration list for PBXNativeTarget "lab13" */ = {
			isa = XCConfigurationList;
			buildConfigurations = (
				9E97FA73237DB0B400B3207B /* Debug */,
				9E97FA74237DB0B400B3207B /* Release */,
			);
			defaultConfigurationIsVisible = 0;
			defaultConfigurationName = Release;
		};
/* End XCConfigurationList section */

/* Begin XCVersionGroup section */
		9E97FA67237DB0B200B3207B /* lab13.xcdatamodeld */ = {
			isa = XCVersionGroup;
			children = (
				9E97FA68237DB0B200B3207B /* lab13.xcdatamodel */,
			);
			currentVersion = 9E97FA68237DB0B200B3207B /* lab13.xcdatamodel */;
			path = lab13.xcdatamodeld;
			sourceTree = "<group>";
			versionGroupType = wrapper.xcdatamodel;
		};
/* End XCVersionGroup section */
	};
	rootObject = 9E97FA55237DB0B200B3207B /* Project object */;
}
